
Microsoft Visual Studio Solution File, Format Version 12.00
# Visual Studio Version 17
VisualStudioVersion = 17.7.34202.233
MinimumVisualStudioVersion = 10.0.40219.1
Project("{FAE04EC0-301F-11D3-BF4B-00C04F79EFBC}") = "4uTc", "4uTc\4uTc.csproj", "{B5111827-C0CE-4251-9C1F-EB954743115B}"
EndProject
Global
	GlobalSection(SolutionConfigurationPlatforms) = preSolution
		Debug|Any CPU = Debug|Any CPU
		Release|Any CPU = Release|Any CPU
	EndGlobalSection
	GlobalSection(ProjectConfigurationPlatforms) = postSolution
		{B5111827-C0CE-4251-9C1F-EB954743115B}.Debug|Any CPU.ActiveCfg = Debug|Any CPU
		{B5111827-C0CE-4251-9C1F-EB954743115B}.Debug|Any CPU.Build.0 = Debug|Any CPU
		{B5111827-C0CE-4251-9C1F-EB954743115B}.Release|Any CPU.ActiveCfg = Release|Any CPU
		{B5111827-C0CE-4251-9C1F-EB954743115B}.Release|Any CPU.Build.0 = Release|Any CPU
	EndGlobalSection
	GlobalSection(SolutionProperties) = preSolution
		HideSolutionNode = FALSE
	EndGlobalSection
	GlobalSection(ExtensibilityGlobals) = postSolution
		SolutionGuid = {A86E909A-0A6B-4645-8815-0456B9B317C4}
	EndGlobalSection
EndGlobal
